// !$*UTF8*$!
{
	archiveVersion = 1;
	classes = {
	};
	objectVersion = 50;
	objects = {

/* Begin PBXBuildFile section */
		F19FFB5120B5B33300D71C8D /* QuotePhoto.swift in Sources */ = {isa = PBXBuildFile; fileRef = F19FFB5020B5B33300D71C8D /* QuotePhoto.swift */; };
		F19FFB5720B5B68A00D71C8D /* SavedQuotesViewController.swift in Sources */ = {isa = PBXBuildFile; fileRef = F19FFB5620B5B68A00D71C8D /* SavedQuotesViewController.swift */; };
		F19FFB6120B5EA7600D71C8D /* QuoteCell.swift in Sources */ = {isa = PBXBuildFile; fileRef = F19FFB6020B5EA7600D71C8D /* QuoteCell.swift */; };
		F19FFB6520B5EC9600D71C8D /* RealmSwift.framework in Frameworks */ = {isa = PBXBuildFile; fileRef = F19FFB6320B5EC9500D71C8D /* RealmSwift.framework */; };
		F19FFB6B20B5ED9100D71C8D /* RealmSwift.framework in Embed Frameworks */ = {isa = PBXBuildFile; fileRef = F19FFB6320B5EC9500D71C8D /* RealmSwift.framework */; settings = {ATTRIBUTES = (CodeSignOnCopy, RemoveHeadersOnCopy, ); }; };
		F19FFB6E20B5FE2700D71C8D /* ShowQuoteViewController.swift in Sources */ = {isa = PBXBuildFile; fileRef = F19FFB6D20B5FE2700D71C8D /* ShowQuoteViewController.swift */; };
		F19FFB7420B607FC00D71C8D /* shadowText.swift in Sources */ = {isa = PBXBuildFile; fileRef = F19FFB7320B607FC00D71C8D /* shadowText.swift */; };
		F1A4FC3420B49EB3007A7DF5 /* AppDelegate.swift in Sources */ = {isa = PBXBuildFile; fileRef = F1A4FC3320B49EB3007A7DF5 /* AppDelegate.swift */; };
		F1A4FC3620B49EB3007A7DF5 /* ViewController.swift in Sources */ = {isa = PBXBuildFile; fileRef = F1A4FC3520B49EB3007A7DF5 /* ViewController.swift */; };
		F1A4FC3920B49EB3007A7DF5 /* Main.storyboard in Resources */ = {isa = PBXBuildFile; fileRef = F1A4FC3720B49EB3007A7DF5 /* Main.storyboard */; };
		F1A4FC3B20B49EB5007A7DF5 /* Assets.xcassets in Resources */ = {isa = PBXBuildFile; fileRef = F1A4FC3A20B49EB5007A7DF5 /* Assets.xcassets */; };
		F1A4FC3E20B49EB5007A7DF5 /* LaunchScreen.storyboard in Resources */ = {isa = PBXBuildFile; fileRef = F1A4FC3C20B49EB5007A7DF5 /* LaunchScreen.storyboard */; };
		F1A4FC4620B49EF4007A7DF5 /* NetworkManager.swift in Sources */ = {isa = PBXBuildFile; fileRef = F1A4FC4520B49EF4007A7DF5 /* NetworkManager.swift */; };
		F1A4FC4820B4A07A007A7DF5 /* Quote.swift in Sources */ = {isa = PBXBuildFile; fileRef = F1A4FC4720B4A07A007A7DF5 /* Quote.swift */; };
		F1A4FC4A20B4A083007A7DF5 /* Photo.swift in Sources */ = {isa = PBXBuildFile; fileRef = F1A4FC4920B4A083007A7DF5 /* Photo.swift */; };
/* End PBXBuildFile section */

/* Begin PBXCopyFilesBuildPhase section */
		F19FFB6C20B5ED9200D71C8D /* Embed Frameworks */ = {
			isa = PBXCopyFilesBuildPhase;
			buildActionMask = 2147483647;
			dstPath = "";
			dstSubfolderSpec = 10;
			files = (
				F19FFB6B20B5ED9100D71C8D /* RealmSwift.framework in Embed Frameworks */,
			);
			name = "Embed Frameworks";
			runOnlyForDeploymentPostprocessing = 0;
		};
/* End PBXCopyFilesBuildPhase section */

/* Begin PBXFileReference section */
		F19FFB5020B5B33300D71C8D /* QuotePhoto.swift */ = {isa = PBXFileReference; lastKnownFileType = sourcecode.swift; path = QuotePhoto.swift; sourceTree = "<group>"; };
		F19FFB5620B5B68A00D71C8D /* SavedQuotesViewController.swift */ = {isa = PBXFileReference; lastKnownFileType = sourcecode.swift; path = SavedQuotesViewController.swift; sourceTree = "<group>"; };
		F19FFB6020B5EA7600D71C8D /* QuoteCell.swift */ = {isa = PBXFileReference; fileEncoding = 4; lastKnownFileType = sourcecode.swift; path = QuoteCell.swift; sourceTree = "<group>"; };
		F19FFB6320B5EC9500D71C8D /* RealmSwift.framework */ = {isa = PBXFileReference; lastKnownFileType = wrapper.framework; path = RealmSwift.framework; sourceTree = "<group>"; };
		F19FFB6D20B5FE2700D71C8D /* ShowQuoteViewController.swift */ = {isa = PBXFileReference; lastKnownFileType = sourcecode.swift; path = ShowQuoteViewController.swift; sourceTree = "<group>"; };
		F19FFB7320B607FC00D71C8D /* shadowText.swift */ = {isa = PBXFileReference; lastKnownFileType = sourcecode.swift; path = shadowText.swift; sourceTree = "<group>"; };
		F1A4FC3020B49EB3007A7DF5 /* QuotePro.app */ = {isa = PBXFileReference; explicitFileType = wrapper.application; includeInIndex = 0; path = QuotePro.app; sourceTree = BUILT_PRODUCTS_DIR; };
		F1A4FC3320B49EB3007A7DF5 /* AppDelegate.swift */ = {isa = PBXFileReference; lastKnownFileType = sourcecode.swift; path = AppDelegate.swift; sourceTree = "<group>"; };
		F1A4FC3520B49EB3007A7DF5 /* ViewController.swift */ = {isa = PBXFileReference; lastKnownFileType = sourcecode.swift; path = ViewController.swift; sourceTree = "<group>"; };
		F1A4FC3820B49EB3007A7DF5 /* Base */ = {isa = PBXFileReference; lastKnownFileType = file.storyboard; name = Base; path = Base.lproj/Main.storyboard; sourceTree = "<group>"; };
		F1A4FC3A20B49EB5007A7DF5 /* Assets.xcassets */ = {isa = PBXFileReference; lastKnownFileType = folder.assetcatalog; path = Assets.xcassets; sourceTree = "<group>"; };
		F1A4FC3D20B49EB5007A7DF5 /* Base */ = {isa = PBXFileReference; lastKnownFileType = file.storyboard; name = Base; path = Base.lproj/LaunchScreen.storyboard; sourceTree = "<group>"; };
		F1A4FC3F20B49EB5007A7DF5 /* Info.plist */ = {isa = PBXFileReference; lastKnownFileType = text.plist.xml; path = Info.plist; sourceTree = "<group>"; };
		F1A4FC4520B49EF4007A7DF5 /* NetworkManager.swift */ = {isa = PBXFileReference; lastKnownFileType = sourcecode.swift; path = NetworkManager.swift; sourceTree = "<group>"; };
		F1A4FC4720B4A07A007A7DF5 /* Quote.swift */ = {isa = PBXFileReference; lastKnownFileType = sourcecode.swift; path = Quote.swift; sourceTree = "<group>"; };
		F1A4FC4920B4A083007A7DF5 /* Photo.swift */ = {isa = PBXFileReference; lastKnownFileType = sourcecode.swift; path = Photo.swift; sourceTree = "<group>"; };
/* End PBXFileReference section */

/* Begin PBXFrameworksBuildPhase section */
		F1A4FC2D20B49EB3007A7DF5 /* Frameworks */ = {
			isa = PBXFrameworksBuildPhase;
			buildActionMask = 2147483647;
			files = (
				F19FFB6520B5EC9600D71C8D /* RealmSwift.framework in Frameworks */,
			);
			runOnlyForDeploymentPostprocessing = 0;
		};
/* End PBXFrameworksBuildPhase section */

/* Begin PBXGroup section */
		F19FFB5220B5B54700D71C8D /* Model */ = {
			isa = PBXGroup;
			children = (
				F19FFB5020B5B33300D71C8D /* QuotePhoto.swift */,
				F1A4FC4720B4A07A007A7DF5 /* Quote.swift */,
				F1A4FC4920B4A083007A7DF5 /* Photo.swift */,
			);
			path = Model;
			sourceTree = "<group>";
		};
		F19FFB5320B5B55600D71C8D /* View */ = {
			isa = PBXGroup;
			children = (
				F1A4FC3520B49EB3007A7DF5 /* ViewController.swift */,
				F19FFB5620B5B68A00D71C8D /* SavedQuotesViewController.swift */,
				F1A4FC3720B49EB3007A7DF5 /* Main.storyboard */,
				F19FFB6D20B5FE2700D71C8D /* ShowQuoteViewController.swift */,
				F19FFB6020B5EA7600D71C8D /* QuoteCell.swift */,
			);
			path = View;
			sourceTree = "<group>";
		};
		F19FFB5420B5B56D00D71C8D /* Controller */ = {
			isa = PBXGroup;
			children = (
				F1A4FC4520B49EF4007A7DF5 /* NetworkManager.swift */,
				F19FFB7320B607FC00D71C8D /* shadowText.swift */,
			);
			path = Controller;
			sourceTree = "<group>";
		};
		F19FFB5520B5B58000D71C8D /* SupportingFiles */ = {
			isa = PBXGroup;
			children = (
				F19FFB6320B5EC9500D71C8D /* RealmSwift.framework */,
				F1A4FC3F20B49EB5007A7DF5 /* Info.plist */,
				F1A4FC3320B49EB3007A7DF5 /* AppDelegate.swift */,
				F1A4FC3A20B49EB5007A7DF5 /* Assets.xcassets */,
				F1A4FC3C20B49EB5007A7DF5 /* LaunchScreen.storyboard */,
			);
			path = SupportingFiles;
			sourceTree = "<group>";
		};
		F1A4FC2720B49EB3007A7DF5 = {
			isa = PBXGroup;
			children = (
				F1A4FC3220B49EB3007A7DF5 /* QuotePro */,
				F1A4FC3120B49EB3007A7DF5 /* Products */,
			);
			sourceTree = "<group>";
		};
		F1A4FC3120B49EB3007A7DF5 /* Products */ = {
			isa = PBXGroup;
			children = (
				F1A4FC3020B49EB3007A7DF5 /* QuotePro.app */,
			);
			name = Products;
			sourceTree = "<group>";
		};
		F1A4FC3220B49EB3007A7DF5 /* QuotePro */ = {
			isa = PBXGroup;
			children = (
				F19FFB5520B5B58000D71C8D /* SupportingFiles */,
				F19FFB5220B5B54700D71C8D /* Model */,
				F19FFB5320B5B55600D71C8D /* View */,
				F19FFB5420B5B56D00D71C8D /* Controller */,
			);
			path = QuotePro;
			sourceTree = "<group>";
		};
/* End PBXGroup section */

/* Begin PBXNativeTarget section */
		F1A4FC2F20B49EB3007A7DF5 /* QuotePro */ = {
			isa = PBXNativeTarget;
			buildConfigurationList = F1A4FC4220B49EB5007A7DF5 /* Build configuration list for PBXNativeTarget "QuotePro" */;
			buildPhases = (
				F1A4FC2C20B49EB3007A7DF5 /* Sources */,
				F1A4FC2D20B49EB3007A7DF5 /* Frameworks */,
				F1A4FC2E20B49EB3007A7DF5 /* Resources */,
				F19FFB6C20B5ED9200D71C8D /* Embed Frameworks */,
			);
			buildRules = (
			);
			dependencies = (
			);
			name = QuotePro;
			productName = QuotePro;
			productReference = F1A4FC3020B49EB3007A7DF5 /* QuotePro.app */;
			productType = "com.apple.product-type.application";
		};
/* End PBXNativeTarget section */

/* Begin PBXProject section */
		F1A4FC2820B49EB3007A7DF5 /* Project object */ = {
			isa = PBXProject;
			attributes = {
				LastSwiftUpdateCheck = 0930;
				LastUpgradeCheck = 0930;
				ORGANIZATIONNAME = "Raman Singh";
				TargetAttributes = {
					F1A4FC2F20B49EB3007A7DF5 = {
						CreatedOnToolsVersion = 9.3.1;
					};
				};
			};
			buildConfigurationList = F1A4FC2B20B49EB3007A7DF5 /* Build configuration list for PBXProject "QuotePro" */;
			compatibilityVersion = "Xcode 9.3";
			developmentRegion = en;
			hasScannedForEncodings = 0;
			knownRegions = (
				en,
				Base,
			);
			mainGroup = F1A4FC2720B49EB3007A7DF5;
			productRefGroup = F1A4FC3120B49EB3007A7DF5 /* Products */;
			projectDirPath = "";
			projectRoot = "";
			targets = (
				F1A4FC2F20B49EB3007A7DF5 /* QuotePro */,
			);
		};
/* End PBXProject section */

/* Begin PBXResourcesBuildPhase section */
		F1A4FC2E20B49EB3007A7DF5 /* Resources */ = {
			isa = PBXResourcesBuildPhase;
			buildActionMask = 2147483647;
			files = (
				F1A4FC3E20B49EB5007A7DF5 /* LaunchScreen.storyboard in Resources */,
				F1A4FC3B20B49EB5007A7DF5 /* Assets.xcassets in Resources */,
				F1A4FC3920B49EB3007A7DF5 /* Main.storyboard in Resources */,
			);
			runOnlyForDeploymentPostprocessing = 0;
		};
/* End PBXResourcesBuildPhase section */

/* Begin PBXSourcesBuildPhase section */
		F1A4FC2C20B49EB3007A7DF5 /* Sources */ = {
			isa = PBXSourcesBuildPhase;
			buildActionMask = 2147483647;
			files = (
				F1A4FC4820B4A07A007A7DF5 /* Quote.swift in Sources */,
				F19FFB6E20B5FE2700D71C8D /* ShowQuoteViewController.swift in Sources */,
				F19FFB7420B607FC00D71C8D /* shadowText.swift in Sources */,
				F1A4FC3620B49EB3007A7DF5 /* ViewController.swift in Sources */,
				F19FFB6120B5EA7600D71C8D /* QuoteCell.swift in Sources */,
				F1A4FC3420B49EB3007A7DF5 /* AppDelegate.swift in Sources */,
				F19FFB5720B5B68A00D71C8D /* SavedQuotesViewController.swift in Sources */,
				F1A4FC4620B49EF4007A7DF5 /* NetworkManager.swift in Sources */,
				F1A4FC4A20B4A083007A7DF5 /* Photo.swift in Sources */,
				F19FFB5120B5B33300D71C8D /* QuotePhoto.swift in Sources */,
			);
			runOnlyForDeploymentPostprocessing = 0;
		};
/* End PBXSourcesBuildPhase section */

/* Begin PBXVariantGroup section */
		F1A4FC3720B49EB3007A7DF5 /* Main.storyboard */ = {
			isa = PBXVariantGroup;
			children = (
				F1A4FC3820B49EB3007A7DF5 /* Base */,
			);
			name = Main.storyboard;
			sourceTree = "<group>";
		};
		F1A4FC3C20B49EB5007A7DF5 /* LaunchScreen.storyboard */ = {
			isa = PBXVariantGroup;
			children = (
				F1A4FC3D20B49EB5007A7DF5 /* Base */,
			);
			name = LaunchScreen.storyboard;
			sourceTree = "<group>";
		};
/* End PBXVariantGroup section */

/* Begin XCBuildConfiguration section */
		F1A4FC4020B49EB5007A7DF5 /* Debug */ = {
			isa = XCBuildConfiguration;
			buildSettings = {
				ALWAYS_SEARCH_USER_PATHS = NO;
				CLANG_ANALYZER_NONNULL = YES;
				CLANG_ANALYZER_NUMBER_OBJECT_CONVERSION = YES_AGGRESSIVE;
				CLANG_CXX_LANGUAGE_STANDARD = "gnu++14";
				CLANG_CXX_LIBRARY = "libc++";
				CLANG_ENABLE_MODULES = YES;
				CLANG_ENABLE_OBJC_ARC = YES;
				CLANG_ENABLE_OBJC_WEAK = YES;
				CLANG_WARN_BLOCK_CAPTURE_AUTORELEASING = YES;
				CLANG_WARN_BOOL_CONVERSION = YES;
				CLANG_WARN_COMMA = YES;
				CLANG_WARN_CONSTANT_CONVERSION = YES;
				CLANG_WARN_DEPRECATED_OBJC_IMPLEMENTATIONS = YES;
				CLANG_WARN_DIRECT_OBJC_ISA_USAGE = YES_ERROR;
				CLANG_WARN_DOCUMENTATION_COMMENTS = YES;
				CLANG_WARN_EMPTY_BODY = YES;
				CLANG_WARN_ENUM_CONVERSION = YES;
				CLANG_WARN_INFINITE_RECURSION = YES;
				CLANG_WARN_INT_CONVERSION = YES;
				CLANG_WARN_NON_LITERAL_NULL_CONVERSION = YES;
				CLANG_WARN_OBJC_IMPLICIT_RETAIN_SELF = YES;
				CLANG_WARN_OBJC_LITERAL_CONVERSION = YES;
				CLANG_WARN_OBJC_ROOT_CLASS = YES_ERROR;
				CLANG_WARN_RANGE_LOOP_ANALYSIS = YES;
				CLANG_WARN_STRICT_PROTOTYPES = YES;
				CLANG_WARN_SUSPICIOUS_MOVE = YES;
				CLANG_WARN_UNGUARDED_AVAILABILITY = YES_AGGRESSIVE;
				CLANG_WARN_UNREACHABLE_CODE = YES;
				CLANG_WARN__DUPLICATE_METHOD_MATCH = YES;
				CODE_SIGN_IDENTITY = "iPhone Developer";
				COPY_PHASE_STRIP = NO;
				DEBUG_INFORMATION_FORMAT = dwarf;
				ENABLE_STRICT_OBJC_MSGSEND = YES;
				ENABLE_TESTABILITY = YES;
				GCC_C_LANGUAGE_STANDARD = gnu11;
				GCC_DYNAMIC_NO_PIC = NO;
				GCC_NO_COMMON_BLOCKS = YES;
				GCC_OPTIMIZATION_LEVEL = 0;
				GCC_PREPROCESSOR_DEFINITIONS = (
					"DEBUG=1",
					"$(inherited)",
				);
				GCC_WARN_64_TO_32_BIT_CONVERSION = YES;
				GCC_WARN_ABOUT_RETURN_TYPE = YES_ERROR;
				GCC_WARN_UNDECLARED_SELECTOR = YES;
				GCC_WARN_UNINITIALIZED_AUTOS = YES_AGGRESSIVE;
				GCC_WARN_UNUSED_FUNCTION = YES;
				GCC_WARN_UNUSED_VARIABLE = YES;
				IPHONEOS_DEPLOYMENT_TARGET = 11.3;
				MTL_ENABLE_DEBUG_INFO = YES;
				ONLY_ACTIVE_ARCH = YES;
				SDKROOT = iphoneos;
				SWIFT_ACTIVE_COMPILATION_CONDITIONS = DEBUG;
				SWIFT_OPTIMIZATION_LEVEL = "-Onone";
			};
			name = Debug;
		};
		F1A4FC4120B49EB5007A7DF5 /* Release */ = {
			isa = XCBuildConfiguration;
			buildSettings = {
				ALWAYS_SEARCH_USER_PATHS = NO;
				CLANG_ANALYZER_NONNULL = YES;
				CLANG_ANALYZER_NUMBER_OBJECT_CONVERSION = YES_AGGRESSIVE;
				CLANG_CXX_LANGUAGE_STANDARD = "gnu++14";
				CLANG_CXX_LIBRARY = "libc++";
				CLANG_ENABLE_MODULES = YES;
				CLANG_ENABLE_OBJC_ARC = YES;
				CLANG_ENABLE_OBJC_WEAK = YES;
				CLANG_WARN_BLOCK_CAPTURE_AUTORELEASING = YES;
				CLANG_WARN_BOOL_CONVERSION = YES;
				CLANG_WARN_COMMA = YES;
				CLANG_WARN_CONSTANT_CONVERSION = YES;
				CLANG_WARN_DEPRECATED_OBJC_IMPLEMENTATIONS = YES;
				CLANG_WARN_DIRECT_OBJC_ISA_USAGE = YES_ERROR;
				CLANG_WARN_DOCUMENTATION_COMMENTS = YES;
				CLANG_WARN_EMPTY_BODY = YES;
				CLANG_WARN_ENUM_CONVERSION = YES;
				CLANG_WARN_INFINITE_RECURSION = YES;
				CLANG_WARN_INT_CONVERSION = YES;
				CLANG_WARN_NON_LITERAL_NULL_CONVERSION = YES;
				CLANG_WARN_OBJC_IMPLICIT_RETAIN_SELF = YES;
				CLANG_WARN_OBJC_LITERAL_CONVERSION = YES;
				CLANG_WARN_OBJC_ROOT_CLASS = YES_ERROR;
				CLANG_WARN_RANGE_LOOP_ANALYSIS = YES;
				CLANG_WARN_STRICT_PROTOTYPES = YES;
				CLANG_WARN_SUSPICIOUS_MOVE = YES;
				CLANG_WARN_UNGUARDED_AVAILABILITY = YES_AGGRESSIVE;
				CLANG_WARN_UNREACHABLE_CODE = YES;
				CLANG_WARN__DUPLICATE_METHOD_MATCH = YES;
				CODE_SIGN_IDENTITY = "iPhone Developer";
				COPY_PHASE_STRIP = NO;
				DEBUG_INFORMATION_FORMAT = "dwarf-with-dsym";
				ENABLE_NS_ASSERTIONS = NO;
				ENABLE_STRICT_OBJC_MSGSEND = YES;
				GCC_C_LANGUAGE_STANDARD = gnu11;
				GCC_NO_COMMON_BLOCKS = YES;
				GCC_WARN_64_TO_32_BIT_CONVERSION = YES;
				GCC_WARN_ABOUT_RETURN_TYPE = YES_ERROR;
				GCC_WARN_UNDECLARED_SELECTOR = YES;
				GCC_WARN_UNINITIALIZED_AUTOS = YES_AGGRESSIVE;
				GCC_WARN_UNUSED_FUNCTION = YES;
				GCC_WARN_UNUSED_VARIABLE = YES;
				IPHONEOS_DEPLOYMENT_TARGET = 11.3;
				MTL_ENABLE_DEBUG_INFO = NO;
				SDKROOT = iphoneos;
				SWIFT_COMPILATION_MODE = wholemodule;
				SWIFT_OPTIMIZATION_LEVEL = "-O";
				VALIDATE_PRODUCT = YES;
			};
			name = Release;
		};
		F1A4FC4320B49EB5007A7DF5 /* Debug */ = {
			isa = XCBuildConfiguration;
			buildSettings = {
				ASSETCATALOG_COMPILER_APPICON_NAME = AppIcon;
				CODE_SIGN_STYLE = Automatic;
				DEVELOPMENT_TEAM = UE52HE9BWK;
				FRAMEWORK_SEARCH_PATHS = (
					"$(inherited)",
					"$(PROJECT_DIR)/QuotePro/SupportingFiles",
				);
				INFOPLIST_FILE = QuotePro/SupportingFiles/Info.plist;
				LD_RUNPATH_SEARCH_PATHS = (
					"$(inherited)",
					"@executable_path/Frameworks",
				);
				PRODUCT_BUNDLE_IDENTIFIER = com.Singh4282.QuotePro;
				PRODUCT_NAME = "$(TARGET_NAME)";
				SWIFT_VERSION = 4.0;
				TARGETED_DEVICE_FAMILY = "1,2";
			};
			name = Debug;
		};
		F1A4FC4420B49EB5007A7DF5 /* Release */ = {
			isa = XCBuildConfiguration;
			buildSettings = {
				ASSETCATALOG_COMPILER_APPICON_NAME = AppIcon;
				CODE_SIGN_STYLE = Automatic;
				DEVELOPMENT_TEAM = UE52HE9BWK;
				FRAMEWORK_SEARCH_PATHS = (
					"$(inherited)",
					"$(PROJECT_DIR)/QuotePro/SupportingFiles",
				);
				INFOPLIST_FILE = QuotePro/SupportingFiles/Info.plist;
				LD_RUNPATH_SEARCH_PATHS = (
					"$(inherited)",
					"@executable_path/Frameworks",
				);
				PRODUCT_BUNDLE_IDENTIFIER = com.Singh4282.QuotePro;
				PRODUCT_NAME = "$(TARGET_NAME)";
				SWIFT_VERSION = 4.0;
				TARGETED_DEVICE_FAMILY = "1,2";
			};
			name = Release;
		};
/* End XCBuildConfiguration section */

/* Begin XCConfigurationList section */
		F1A4FC2B20B49EB3007A7DF5 /* Build configuration list for PBXProject "QuotePro" */ = {
			isa = XCConfigurationList;
			buildConfigurations = (
				F1A4FC4020B49EB5007A7DF5 /* Debug */,
				F1A4FC4120B49EB5007A7DF5 /* Release */,
			);
			defaultConfigurationIsVisible = 0;
			defaultConfigurationName = Release;
		};
		F1A4FC4220B49EB5007A7DF5 /* Build configuration list for PBXNativeTarget "QuotePro" */ = {
			isa = XCConfigurationList;
			buildConfigurations = (
				F1A4FC4320B49EB5007A7DF5 /* Debug */,
				F1A4FC4420B49EB5007A7DF5 /* Release */,
			);
			defaultConfigurationIsVisible = 0;
			defaultConfigurationName = Release;
		};
/* End XCConfigurationList section */
	};
	rootObject = F1A4FC2820B49EB3007A7DF5 /* Project object */;
}
